<?xml version="1.0" encoding="UTF-8" standalone="yes" ?>
<CodeBlocks_project_file>
	<FileVersion major="1" minor="6" />
	<Project>
		<Option title="leiden-igraph" />
		<Option pch_mode="2" />
		<Option compiler="gcc" />
		<Build>
			<Target title="Debug">
				<Option output="bin/Debug/leiden-igraph" prefix_auto="1" extension_auto="1" />
				<Option object_output="obj/Debug/" />
				<Option type="1" />
				<Option compiler="gcc" />
				<Compiler>
					<Add option="-Wextra" />
					<Add option="-Wall" />
					<Add option="-g" />
				</Compiler>
				<Linker>
					<Add directory="/usr/local/lib/python2.7/dist-packages/igraph" />
				</Linker>
			</Target>
			<Target title="Release">
				<Option output="bin/Release/leiden-igraph" prefix_auto="1" extension_auto="1" />
				<Option object_output="obj/Release/" />
				<Option type="1" />
				<Option compiler="gcc" />
				<Compiler>
					<Add option="-O2" />
				</Compiler>
				<Linker>
					<Add option="-s" />
				</Linker>
			</Target>
		</Build>
		<Compiler>
			<Add option="-Wall" />
			<Add option="-fexceptions" />
			<Add directory="include" />
			<Add directory="igraphcore/include" />
			<Add directory="/usr/include/python2.7" />
			<Add directory="/usr/include/igraph" />
			<Add directory="/usr/local/include/igraph" />
			<Add directory="/usr/include/gsl" />
		</Compiler>
		<Linker>
			<Add library="gsl" />
			<Add library="gslcblas" />
			<Add library="igraph" />
			<Add library="python2.7" />
		</Linker>
		<Unit filename="LICENSE" />
		<Unit filename="README.md" />
		<Unit filename="include/CPMVertexPartition.h" />
		<Unit filename="include/GraphHelper.h" />
		<Unit filename="include/LinearResolutionParameterVertexPartition.h" />
		<Unit filename="include/ModularityVertexPartition.h" />
		<Unit filename="include/MutableVertexPartition.h" />
		<Unit filename="include/Optimiser.h" />
		<Unit filename="include/RBConfigurationVertexPartition.h" />
		<Unit filename="include/RBERVertexPartition.h" />
		<Unit filename="include/ResolutionParameterVertexPartition.h" />
		<Unit filename="include/SignificanceVertexPartition.h" />
		<Unit filename="include/SurpriseVertexPartition.h" />
		<Unit filename="include/pynterface.h" />
		<Unit filename="include/python_optimiser_interface.h" />
		<Unit filename="include/python_partition_interface.h" />
		<Unit filename="main.cpp" />
		<Unit filename="setup.py" />
		<Unit filename="setup_ms.py" />
		<Unit filename="src/CPMVertexPartition.cpp" />
		<Unit filename="src/GraphHelper.cpp" />
		<Unit filename="src/LinearResolutionParameterVertexPartition.cpp" />
		<Unit filename="src/ModularityVertexPartition.cpp" />
		<Unit filename="src/MutableVertexPartition.cpp" />
		<Unit filename="src/Optimiser.cpp" />
		<Unit filename="src/Optimiser.py" />
		<Unit filename="src/RBConfigurationVertexPartition.cpp" />
		<Unit filename="src/RBERVertexPartition.cpp" />
		<Unit filename="src/ResolutionParameterVertexPartition.cpp" />
		<Unit filename="src/SignificanceVertexPartition.cpp" />
		<Unit filename="src/SurpriseVertexPartition.cpp" />
		<Unit filename="src/VertexPartition.py" />
		<Unit filename="src/__init__.py" />
		<Unit filename="src/functions.py" />
		<Unit filename="src/pynterface.cpp" />
		<Unit filename="src/python_optimiser_interface.cpp" />
		<Unit filename="src/python_partition_interface.cpp" />
		<Unit filename="tests/__init__.py" />
		<Unit filename="tests/test_Optimiser.py" />
		<Unit filename="tests/test_RBCVPweightedlayers.py" />
		<Unit filename="tests/test_VertexPartition.py" />
		<Extensions>
			<code_completion />
			<debugger />
		</Extensions>
	</Project>
</CodeBlocks_project_file>
